
Microsoft Visual Studio Solution File, Format Version 12.00
# Visual Studio Version 17
VisualStudioVersion = 17.5.33530.505
MinimumVisualStudioVersion = 10.0.40219.1
Project("{9A19103F-16F7-4668-BE54-9A1E7A4F7556}") = "TivitSystemPL", "TivitSystemPL\TivitSystemPL.csproj", "{32E24755-98AB-4852-97E1-433DECBCFEC7}"
EndProject
Project("{9A19103F-16F7-4668-BE54-9A1E7A4F7556}") = "TivitSystemDL", "TivitSystemDL\TivitSystemDL.csproj", "{D5D8C34B-BED2-4201-925C-B0611403FF11}"
EndProject
Project("{9A19103F-16F7-4668-BE54-9A1E7A4F7556}") = "TivitSystemBL", "TivitSystemBL\TivitSystemBL.csproj", "{F6DEEC2F-1052-4AE2-BBA4-80D60521510B}"
EndProject
Project("{9A19103F-16F7-4668-BE54-9A1E7A4F7556}") = "TivitSystemEL", "TivitSystemEL\TivitSystemEL.csproj", "{C7A20B8C-D964-4532-9580-63076D067942}"
EndProject
Project("{FAE04EC0-301F-11D3-BF4B-00C04F79EFBC}") = "TivitSystemUL", "TivitSystemUL\TivitSystemUL.csproj", "{83B18387-1D29-4264-B39C-47FA76137146}"
EndProject
Global
	GlobalSection(SolutionConfigurationPlatforms) = preSolution
		Debug|Any CPU = Debug|Any CPU
		Release|Any CPU = Release|Any CPU
	EndGlobalSection
	GlobalSection(ProjectConfigurationPlatforms) = postSolution
		{32E24755-98AB-4852-97E1-433DECBCFEC7}.Debug|Any CPU.ActiveCfg = Debug|Any CPU
		{32E24755-98AB-4852-97E1-433DECBCFEC7}.Debug|Any CPU.Build.0 = Debug|Any CPU
		{32E24755-98AB-4852-97E1-433DECBCFEC7}.Release|Any CPU.ActiveCfg = Release|Any CPU
		{32E24755-98AB-4852-97E1-433DECBCFEC7}.Release|Any CPU.Build.0 = Release|Any CPU
		{D5D8C34B-BED2-4201-925C-B0611403FF11}.Debug|Any CPU.ActiveCfg = Debug|Any CPU
		{D5D8C34B-BED2-4201-925C-B0611403FF11}.Debug|Any CPU.Build.0 = Debug|Any CPU
		{D5D8C34B-BED2-4201-925C-B0611403FF11}.Release|Any CPU.ActiveCfg = Release|Any CPU
		{D5D8C34B-BED2-4201-925C-B0611403FF11}.Release|Any CPU.Build.0 = Release|Any CPU
		{F6DEEC2F-1052-4AE2-BBA4-80D60521510B}.Debug|Any CPU.ActiveCfg = Debug|Any CPU
		{F6DEEC2F-1052-4AE2-BBA4-80D60521510B}.Debug|Any CPU.Build.0 = Debug|Any CPU
		{F6DEEC2F-1052-4AE2-BBA4-80D60521510B}.Release|Any CPU.ActiveCfg = Release|Any CPU
		{F6DEEC2F-1052-4AE2-BBA4-80D60521510B}.Release|Any CPU.Build.0 = Release|Any CPU
		{C7A20B8C-D964-4532-9580-63076D067942}.Debug|Any CPU.ActiveCfg = Debug|Any CPU
		{C7A20B8C-D964-4532-9580-63076D067942}.Debug|Any CPU.Build.0 = Debug|Any CPU
		{C7A20B8C-D964-4532-9580-63076D067942}.Release|Any CPU.ActiveCfg = Release|Any CPU
		{C7A20B8C-D964-4532-9580-63076D067942}.Release|Any CPU.Build.0 = Release|Any CPU
		{83B18387-1D29-4264-B39C-47FA76137146}.Debug|Any CPU.ActiveCfg = Debug|Any CPU
		{83B18387-1D29-4264-B39C-47FA76137146}.Debug|Any CPU.Build.0 = Debug|Any CPU
		{83B18387-1D29-4264-B39C-47FA76137146}.Release|Any CPU.ActiveCfg = Release|Any CPU
		{83B18387-1D29-4264-B39C-47FA76137146}.Release|Any CPU.Build.0 = Release|Any CPU
	EndGlobalSection
	GlobalSection(SolutionProperties) = preSolution
		HideSolutionNode = FALSE
	EndGlobalSection
	GlobalSection(ExtensibilityGlobals) = postSolution
		SolutionGuid = {EAF7A219-EF81-42D0-A8D2-823B42343856}
	EndGlobalSection
EndGlobal
